// !$*UTF8*$!
{
	archiveVersion = 1;
	classes = {
	};
	objectVersion = 56;
	objects = {

/* Begin PBXBuildFile section */
		FC97A49E29C1A2A700DC347E /* SwiftUIFirebase2App.swift in Sources */ = {isa = PBXBuildFile; fileRef = FC97A49D29C1A2A700DC347E /* SwiftUIFirebase2App.swift */; };
		FC97A4A229C1A2A800DC347E /* Assets.xcassets in Resources */ = {isa = PBXBuildFile; fileRef = FC97A4A129C1A2A800DC347E /* Assets.xcassets */; };
		FC97A4A529C1A2A800DC347E /* Preview Assets.xcassets in Resources */ = {isa = PBXBuildFile; fileRef = FC97A4A429C1A2A800DC347E /* Preview Assets.xcassets */; };
		FC97A4AF29C1A9AE00DC347E /* FirebaseFirestore in Frameworks */ = {isa = PBXBuildFile; productRef = FC97A4AE29C1A9AE00DC347E /* FirebaseFirestore */; };
		FC97A4B129C1A9AE00DC347E /* FirebaseStorage in Frameworks */ = {isa = PBXBuildFile; productRef = FC97A4B029C1A9AE00DC347E /* FirebaseStorage */; };
		FC97A4B629C1AA1700DC347E /* Note.swift in Sources */ = {isa = PBXBuildFile; fileRef = FC97A4B529C1AA1700DC347E /* Note.swift */; };
		FC97A4B829C1AA3F00DC347E /* Location.swift in Sources */ = {isa = PBXBuildFile; fileRef = FC97A4B729C1AA3F00DC347E /* Location.swift */; };
		FC97A4BA29C1AA6E00DC347E /* MyRegion.swift in Sources */ = {isa = PBXBuildFile; fileRef = FC97A4B929C1AA6E00DC347E /* MyRegion.swift */; };
		FC97A4BC29C1AA8900DC347E /* DetailView.swift in Sources */ = {isa = PBXBuildFile; fileRef = FC97A4BB29C1AA8900DC347E /* DetailView.swift */; };
		FC97A4BE29C1AAC500DC347E /* FirebaseService.swift in Sources */ = {isa = PBXBuildFile; fileRef = FC97A4BD29C1AAC500DC347E /* FirebaseService.swift */; };
		FC97A4C029C1AD5D00DC347E /* MyMap.swift in Sources */ = {isa = PBXBuildFile; fileRef = FC97A4BF29C1AD5D00DC347E /* MyMap.swift */; };
		FC97A4C229C1AD7300DC347E /* MapWrap.swift in Sources */ = {isa = PBXBuildFile; fileRef = FC97A4C129C1AD7300DC347E /* MapWrap.swift */; };
		FC97A4C429C1ADA500DC347E /* ListView.swift in Sources */ = {isa = PBXBuildFile; fileRef = FC97A4C329C1ADA500DC347E /* ListView.swift */; };
		FC97A4C629C1ADCF00DC347E /* MyFileManager.swift in Sources */ = {isa = PBXBuildFile; fileRef = FC97A4C529C1ADCF00DC347E /* MyFileManager.swift */; };
		FC97A4C829C1ADF000DC347E /* GoogleService-Info.plist in Resources */ = {isa = PBXBuildFile; fileRef = FC97A4C729C1ADF000DC347E /* GoogleService-Info.plist */; };
/* End PBXBuildFile section */

/* Begin PBXFileReference section */
		FC97A49A29C1A2A700DC347E /* SwiftUIFirebase2.app */ = {isa = PBXFileReference; explicitFileType = wrapper.application; includeInIndex = 0; path = SwiftUIFirebase2.app; sourceTree = BUILT_PRODUCTS_DIR; };
		FC97A49D29C1A2A700DC347E /* SwiftUIFirebase2App.swift */ = {isa = PBXFileReference; lastKnownFileType = sourcecode.swift; path = SwiftUIFirebase2App.swift; sourceTree = "<group>"; };
		FC97A4A129C1A2A800DC347E /* Assets.xcassets */ = {isa = PBXFileReference; lastKnownFileType = folder.assetcatalog; path = Assets.xcassets; sourceTree = "<group>"; };
		FC97A4A429C1A2A800DC347E /* Preview Assets.xcassets */ = {isa = PBXFileReference; lastKnownFileType = folder.assetcatalog; path = "Preview Assets.xcassets"; sourceTree = "<group>"; };
		FC97A4B529C1AA1700DC347E /* Note.swift */ = {isa = PBXFileReference; lastKnownFileType = sourcecode.swift; path = Note.swift; sourceTree = "<group>"; };
		FC97A4B729C1AA3F00DC347E /* Location.swift */ = {isa = PBXFileReference; lastKnownFileType = sourcecode.swift; path = Location.swift; sourceTree = "<group>"; };
		FC97A4B929C1AA6E00DC347E /* MyRegion.swift */ = {isa = PBXFileReference; lastKnownFileType = sourcecode.swift; path = MyRegion.swift; sourceTree = "<group>"; };
		FC97A4BB29C1AA8900DC347E /* DetailView.swift */ = {isa = PBXFileReference; lastKnownFileType = sourcecode.swift; path = DetailView.swift; sourceTree = "<group>"; };
		FC97A4BD29C1AAC500DC347E /* FirebaseService.swift */ = {isa = PBXFileReference; lastKnownFileType = sourcecode.swift; path = FirebaseService.swift; sourceTree = "<group>"; };
		FC97A4BF29C1AD5D00DC347E /* MyMap.swift */ = {isa = PBXFileReference; lastKnownFileType = sourcecode.swift; path = MyMap.swift; sourceTree = "<group>"; };
		FC97A4C129C1AD7300DC347E /* MapWrap.swift */ = {isa = PBXFileReference; lastKnownFileType = sourcecode.swift; path = MapWrap.swift; sourceTree = "<group>"; };
		FC97A4C329C1ADA500DC347E /* ListView.swift */ = {isa = PBXFileReference; lastKnownFileType = sourcecode.swift; path = ListView.swift; sourceTree = "<group>"; };
		FC97A4C529C1ADCF00DC347E /* MyFileManager.swift */ = {isa = PBXFileReference; lastKnownFileType = sourcecode.swift; path = MyFileManager.swift; sourceTree = "<group>"; };
		FC97A4C729C1ADF000DC347E /* GoogleService-Info.plist */ = {isa = PBXFileReference; fileEncoding = 4; lastKnownFileType = text.plist.xml; path = "GoogleService-Info.plist"; sourceTree = "<group>"; };
/* End PBXFileReference section */

/* Begin PBXFrameworksBuildPhase section */
		FC97A49729C1A2A700DC347E /* Frameworks */ = {
			isa = PBXFrameworksBuildPhase;
			buildActionMask = 2147483647;
			files = (
				FC97A4AF29C1A9AE00DC347E /* FirebaseFirestore in Frameworks */,
				FC97A4B129C1A9AE00DC347E /* FirebaseStorage in Frameworks */,
			);
			runOnlyForDeploymentPostprocessing = 0;
		};
/* End PBXFrameworksBuildPhase section */

/* Begin PBXGroup section */
		FC97A49129C1A2A700DC347E = {
			isa = PBXGroup;
			children = (
				FC97A49C29C1A2A700DC347E /* SwiftUIFirebase2 */,
				FC97A49B29C1A2A700DC347E /* Products */,
			);
			sourceTree = "<group>";
		};
		FC97A49B29C1A2A700DC347E /* Products */ = {
			isa = PBXGroup;
			children = (
				FC97A49A29C1A2A700DC347E /* SwiftUIFirebase2.app */,
			);
			name = Products;
			sourceTree = "<group>";
		};
		FC97A49C29C1A2A700DC347E /* SwiftUIFirebase2 */ = {
			isa = PBXGroup;
			children = (
				FC97A4C729C1ADF000DC347E /* GoogleService-Info.plist */,
				FC97A4B429C1AA0000DC347E /* view */,
				FC97A4B329C1A9F200DC347E /* repo */,
				FC97A4B229C1A9E000DC347E /* model */,
				FC97A49D29C1A2A700DC347E /* SwiftUIFirebase2App.swift */,
				FC97A4A129C1A2A800DC347E /* Assets.xcassets */,
				FC97A4A329C1A2A800DC347E /* Preview Content */,
			);
			path = SwiftUIFirebase2;
			sourceTree = "<group>";
		};
		FC97A4A329C1A2A800DC347E /* Preview Content */ = {
			isa = PBXGroup;
			children = (
				FC97A4A429C1A2A800DC347E /* Preview Assets.xcassets */,
			);
			path = "Preview Content";
			sourceTree = "<group>";
		};
		FC97A4B229C1A9E000DC347E /* model */ = {
			isa = PBXGroup;
			children = (
				FC97A4B529C1AA1700DC347E /* Note.swift */,
				FC97A4B729C1AA3F00DC347E /* Location.swift */,
				FC97A4B929C1AA6E00DC347E /* MyRegion.swift */,
			);
			path = model;
			sourceTree = "<group>";
		};
		FC97A4B329C1A9F200DC347E /* repo */ = {
			isa = PBXGroup;
			children = (
				FC97A4BD29C1AAC500DC347E /* FirebaseService.swift */,
				FC97A4C529C1ADCF00DC347E /* MyFileManager.swift */,
			);
			path = repo;
			sourceTree = "<group>";
		};
		FC97A4B429C1AA0000DC347E /* view */ = {
			isa = PBXGroup;
			children = (
				FC97A4BB29C1AA8900DC347E /* DetailView.swift */,
				FC97A4BF29C1AD5D00DC347E /* MyMap.swift */,
				FC97A4C129C1AD7300DC347E /* MapWrap.swift */,
				FC97A4C329C1ADA500DC347E /* ListView.swift */,
			);
			path = view;
			sourceTree = "<group>";
		};
/* End PBXGroup section */

/* Begin PBXNativeTarget section */
		FC97A49929C1A2A700DC347E /* SwiftUIFirebase2 */ = {
			isa = PBXNativeTarget;
			buildConfigurationList = FC97A4A829C1A2A800DC347E /* Build configuration list for PBXNativeTarget "SwiftUIFirebase2" */;
			buildPhases = (
				FC97A49629C1A2A700DC347E /* Sources */,
				FC97A49729C1A2A700DC347E /* Frameworks */,
				FC97A49829C1A2A700DC347E /* Resources */,
			);
			buildRules = (
			);
			dependencies = (
			);
			name = SwiftUIFirebase2;
			packageProductDependencies = (
				FC97A4AE29C1A9AE00DC347E /* FirebaseFirestore */,
				FC97A4B029C1A9AE00DC347E /* FirebaseStorage */,
			);
			productName = SwiftUIFirebase2;
			productReference = FC97A49A29C1A2A700DC347E /* SwiftUIFirebase2.app */;
			productType = "com.apple.product-type.application";
		};
/* End PBXNativeTarget section */

/* Begin PBXProject section */
		FC97A49229C1A2A700DC347E /* Project object */ = {
			isa = PBXProject;
			attributes = {
				BuildIndependentTargetsInParallel = 1;
				LastSwiftUpdateCheck = 1420;
				LastUpgradeCheck = 1420;
				TargetAttributes = {
					FC97A49929C1A2A700DC347E = {
						CreatedOnToolsVersion = 14.2;
					};
				};
			};
			buildConfigurationList = FC97A49529C1A2A700DC347E /* Build configuration list for PBXProject "SwiftUIFirebase2" */;
			compatibilityVersion = "Xcode 14.0";
			developmentRegion = en;
			hasScannedForEncodings = 0;
			knownRegions = (
				en,
				Base,
			);
			mainGroup = FC97A49129C1A2A700DC347E;
			packageReferences = (
				FC97A4AD29C1A9AE00DC347E /* XCRemoteSwiftPackageReference "firebase-ios-sdk" */,
			);
			productRefGroup = FC97A49B29C1A2A700DC347E /* Products */;
			projectDirPath = "";
			projectRoot = "";
			targets = (
				FC97A49929C1A2A700DC347E /* SwiftUIFirebase2 */,
			);
		};
/* End PBXProject section */

/* Begin PBXResourcesBuildPhase section */
		FC97A49829C1A2A700DC347E /* Resources */ = {
			isa = PBXResourcesBuildPhase;
			buildActionMask = 2147483647;
			files = (
				FC97A4A529C1A2A800DC347E /* Preview Assets.xcassets in Resources */,
				FC97A4A229C1A2A800DC347E /* Assets.xcassets in Resources */,
				FC97A4C829C1ADF000DC347E /* GoogleService-Info.plist in Resources */,
			);
			runOnlyForDeploymentPostprocessing = 0;
		};
/* End PBXResourcesBuildPhase section */

/* Begin PBXSourcesBuildPhase section */
		FC97A49629C1A2A700DC347E /* Sources */ = {
			isa = PBXSourcesBuildPhase;
			buildActionMask = 2147483647;
			files = (
				FC97A4BA29C1AA6E00DC347E /* MyRegion.swift in Sources */,
				FC97A4C629C1ADCF00DC347E /* MyFileManager.swift in Sources */,
				FC97A4BC29C1AA8900DC347E /* DetailView.swift in Sources */,
				FC97A4C429C1ADA500DC347E /* ListView.swift in Sources */,
				FC97A4C029C1AD5D00DC347E /* MyMap.swift in Sources */,
				FC97A4C229C1AD7300DC347E /* MapWrap.swift in Sources */,
				FC97A49E29C1A2A700DC347E /* SwiftUIFirebase2App.swift in Sources */,
				FC97A4BE29C1AAC500DC347E /* FirebaseService.swift in Sources */,
				FC97A4B829C1AA3F00DC347E /* Location.swift in Sources */,
				FC97A4B629C1AA1700DC347E /* Note.swift in Sources */,
			);
			runOnlyForDeploymentPostprocessing = 0;
		};
/* End PBXSourcesBuildPhase section */

/* Begin XCBuildConfiguration section */
		FC97A4A629C1A2A800DC347E /* Debug */ = {
			isa = XCBuildConfiguration;
			buildSettings = {
				ALWAYS_SEARCH_USER_PATHS = NO;
				CLANG_ANALYZER_NONNULL = YES;
				CLANG_ANALYZER_NUMBER_OBJECT_CONVERSION = YES_AGGRESSIVE;
				CLANG_CXX_LANGUAGE_STANDARD = "gnu++20";
				CLANG_ENABLE_MODULES = YES;
				CLANG_ENABLE_OBJC_ARC = YES;
				CLANG_ENABLE_OBJC_WEAK = YES;
				CLANG_WARN_BLOCK_CAPTURE_AUTORELEASING = YES;
				CLANG_WARN_BOOL_CONVERSION = YES;
				CLANG_WARN_COMMA = YES;
				CLANG_WARN_CONSTANT_CONVERSION = YES;
				CLANG_WARN_DEPRECATED_OBJC_IMPLEMENTATIONS = YES;
				CLANG_WARN_DIRECT_OBJC_ISA_USAGE = YES_ERROR;
				CLANG_WARN_DOCUMENTATION_COMMENTS = YES;
				CLANG_WARN_EMPTY_BODY = YES;
				CLANG_WARN_ENUM_CONVERSION = YES;
				CLANG_WARN_INFINITE_RECURSION = YES;
				CLANG_WARN_INT_CONVERSION = YES;
				CLANG_WARN_NON_LITERAL_NULL_CONVERSION = YES;
				CLANG_WARN_OBJC_IMPLICIT_RETAIN_SELF = YES;
				CLANG_WARN_OBJC_LITERAL_CONVERSION = YES;
				CLANG_WARN_OBJC_ROOT_CLASS = YES_ERROR;
				CLANG_WARN_QUOTED_INCLUDE_IN_FRAMEWORK_HEADER = YES;
				CLANG_WARN_RANGE_LOOP_ANALYSIS = YES;
				CLANG_WARN_STRICT_PROTOTYPES = YES;
				CLANG_WARN_SUSPICIOUS_MOVE = YES;
				CLANG_WARN_UNGUARDED_AVAILABILITY = YES_AGGRESSIVE;
				CLANG_WARN_UNREACHABLE_CODE = YES;
				CLANG_WARN__DUPLICATE_METHOD_MATCH = YES;
				COPY_PHASE_STRIP = NO;
				DEBUG_INFORMATION_FORMAT = dwarf;
				ENABLE_STRICT_OBJC_MSGSEND = YES;
				ENABLE_TESTABILITY = YES;
				GCC_C_LANGUAGE_STANDARD = gnu11;
				GCC_DYNAMIC_NO_PIC = NO;
				GCC_NO_COMMON_BLOCKS = YES;
				GCC_OPTIMIZATION_LEVEL = 0;
				GCC_PREPROCESSOR_DEFINITIONS = (
					"DEBUG=1",
					"$(inherited)",
				);
				GCC_WARN_64_TO_32_BIT_CONVERSION = YES;
				GCC_WARN_ABOUT_RETURN_TYPE = YES_ERROR;
				GCC_WARN_UNDECLARED_SELECTOR = YES;
				GCC_WARN_UNINITIALIZED_AUTOS = YES_AGGRESSIVE;
				GCC_WARN_UNUSED_FUNCTION = YES;
				GCC_WARN_UNUSED_VARIABLE = YES;
				IPHONEOS_DEPLOYMENT_TARGET = 16.2;
				MTL_ENABLE_DEBUG_INFO = INCLUDE_SOURCE;
				MTL_FAST_MATH = YES;
				ONLY_ACTIVE_ARCH = YES;
				SDKROOT = iphoneos;
				SWIFT_ACTIVE_COMPILATION_CONDITIONS = DEBUG;
				SWIFT_OPTIMIZATION_LEVEL = "-Onone";
			};
			name = Debug;
		};
		FC97A4A729C1A2A800DC347E /* Release */ = {
			isa = XCBuildConfiguration;
			buildSettings = {
				ALWAYS_SEARCH_USER_PATHS = NO;
				CLANG_ANALYZER_NONNULL = YES;
				CLANG_ANALYZER_NUMBER_OBJECT_CONVERSION = YES_AGGRESSIVE;
				CLANG_CXX_LANGUAGE_STANDARD = "gnu++20";
				CLANG_ENABLE_MODULES = YES;
				CLANG_ENABLE_OBJC_ARC = YES;
				CLANG_ENABLE_OBJC_WEAK = YES;
				CLANG_WARN_BLOCK_CAPTURE_AUTORELEASING = YES;
				CLANG_WARN_BOOL_CONVERSION = YES;
				CLANG_WARN_COMMA = YES;
				CLANG_WARN_CONSTANT_CONVERSION = YES;
				CLANG_WARN_DEPRECATED_OBJC_IMPLEMENTATIONS = YES;
				CLANG_WARN_DIRECT_OBJC_ISA_USAGE = YES_ERROR;
				CLANG_WARN_DOCUMENTATION_COMMENTS = YES;
				CLANG_WARN_EMPTY_BODY = YES;
				CLANG_WARN_ENUM_CONVERSION = YES;
				CLANG_WARN_INFINITE_RECURSION = YES;
				CLANG_WARN_INT_CONVERSION = YES;
				CLANG_WARN_NON_LITERAL_NULL_CONVERSION = YES;
				CLANG_WARN_OBJC_IMPLICIT_RETAIN_SELF = YES;
				CLANG_WARN_OBJC_LITERAL_CONVERSION = YES;
				CLANG_WARN_OBJC_ROOT_CLASS = YES_ERROR;
				CLANG_WARN_QUOTED_INCLUDE_IN_FRAMEWORK_HEADER = YES;
				CLANG_WARN_RANGE_LOOP_ANALYSIS = YES;
				CLANG_WARN_STRICT_PROTOTYPES = YES;
				CLANG_WARN_SUSPICIOUS_MOVE = YES;
				CLANG_WARN_UNGUARDED_AVAILABILITY = YES_AGGRESSIVE;
				CLANG_WARN_UNREACHABLE_CODE = YES;
				CLANG_WARN__DUPLICATE_METHOD_MATCH = YES;
				COPY_PHASE_STRIP = NO;
				DEBUG_INFORMATION_FORMAT = "dwarf-with-dsym";
				ENABLE_NS_ASSERTIONS = NO;
				ENABLE_STRICT_OBJC_MSGSEND = YES;
				GCC_C_LANGUAGE_STANDARD = gnu11;
				GCC_NO_COMMON_BLOCKS = YES;
				GCC_WARN_64_TO_32_BIT_CONVERSION = YES;
				GCC_WARN_ABOUT_RETURN_TYPE = YES_ERROR;
				GCC_WARN_UNDECLARED_SELECTOR = YES;
				GCC_WARN_UNINITIALIZED_AUTOS = YES_AGGRESSIVE;
				GCC_WARN_UNUSED_FUNCTION = YES;
				GCC_WARN_UNUSED_VARIABLE = YES;
				IPHONEOS_DEPLOYMENT_TARGET = 16.2;
				MTL_ENABLE_DEBUG_INFO = NO;
				MTL_FAST_MATH = YES;
				SDKROOT = iphoneos;
				SWIFT_COMPILATION_MODE = wholemodule;
				SWIFT_OPTIMIZATION_LEVEL = "-O";
				VALIDATE_PRODUCT = YES;
			};
			name = Release;
		};
		FC97A4A929C1A2A800DC347E /* Debug */ = {
			isa = XCBuildConfiguration;
			buildSettings = {
				ASSETCATALOG_COMPILER_APPICON_NAME = AppIcon;
				ASSETCATALOG_COMPILER_GLOBAL_ACCENT_COLOR_NAME = AccentColor;
				CODE_SIGN_STYLE = Automatic;
				CURRENT_PROJECT_VERSION = 1;
				DEVELOPMENT_ASSET_PATHS = "\"SwiftUIFirebase2/Preview Content\"";
				DEVELOPMENT_TEAM = RCUPNKG6W5;
				ENABLE_PREVIEWS = YES;
				GENERATE_INFOPLIST_FILE = YES;
				INFOPLIST_KEY_UIApplicationSceneManifest_Generation = YES;
				INFOPLIST_KEY_UIApplicationSupportsIndirectInputEvents = YES;
				INFOPLIST_KEY_UILaunchScreen_Generation = YES;
				INFOPLIST_KEY_UISupportedInterfaceOrientations_iPad = "UIInterfaceOrientationPortrait UIInterfaceOrientationPortraitUpsideDown UIInterfaceOrientationLandscapeLeft UIInterfaceOrientationLandscapeRight";
				INFOPLIST_KEY_UISupportedInterfaceOrientations_iPhone = "UIInterfaceOrientationPortrait UIInterfaceOrientationLandscapeLeft UIInterfaceOrientationLandscapeRight";
				LD_RUNPATH_SEARCH_PATHS = (
					"$(inherited)",
					"@executable_path/Frameworks",
				);
				MARKETING_VERSION = 1.0;
				PRODUCT_BUNDLE_IDENTIFIER = jon.SwiftUIFirebase2;
				PRODUCT_NAME = "$(TARGET_NAME)";
				SWIFT_EMIT_LOC_STRINGS = YES;
				SWIFT_VERSION = 5.0;
				TARGETED_DEVICE_FAMILY = "1,2";
			};
			name = Debug;
		};
		FC97A4AA29C1A2A800DC347E /* Release */ = {
			isa = XCBuildConfiguration;
			buildSettings = {
				ASSETCATALOG_COMPILER_APPICON_NAME = AppIcon;
				ASSETCATALOG_COMPILER_GLOBAL_ACCENT_COLOR_NAME = AccentColor;
				CODE_SIGN_STYLE = Automatic;
				CURRENT_PROJECT_VERSION = 1;
				DEVELOPMENT_ASSET_PATHS = "\"SwiftUIFirebase2/Preview Content\"";
				DEVELOPMENT_TEAM = RCUPNKG6W5;
				ENABLE_PREVIEWS = YES;
				GENERATE_INFOPLIST_FILE = YES;
				INFOPLIST_KEY_UIApplicationSceneManifest_Generation = YES;
				INFOPLIST_KEY_UIApplicationSupportsIndirectInputEvents = YES;
				INFOPLIST_KEY_UILaunchScreen_Generation = YES;
				INFOPLIST_KEY_UISupportedInterfaceOrientations_iPad = "UIInterfaceOrientationPortrait UIInterfaceOrientationPortraitUpsideDown UIInterfaceOrientationLandscapeLeft UIInterfaceOrientationLandscapeRight";
				INFOPLIST_KEY_UISupportedInterfaceOrientations_iPhone = "UIInterfaceOrientationPortrait UIInterfaceOrientationLandscapeLeft UIInterfaceOrientationLandscapeRight";
				LD_RUNPATH_SEARCH_PATHS = (
					"$(inherited)",
					"@executable_path/Frameworks",
				);
				MARKETING_VERSION = 1.0;
				PRODUCT_BUNDLE_IDENTIFIER = jon.SwiftUIFirebase2;
				PRODUCT_NAME = "$(TARGET_NAME)";
				SWIFT_EMIT_LOC_STRINGS = YES;
				SWIFT_VERSION = 5.0;
				TARGETED_DEVICE_FAMILY = "1,2";
			};
			name = Release;
		};
/* End XCBuildConfiguration section */

/* Begin XCConfigurationList section */
		FC97A49529C1A2A700DC347E /* Build configuration list for PBXProject "SwiftUIFirebase2" */ = {
			isa = XCConfigurationList;
			buildConfigurations = (
				FC97A4A629C1A2A800DC347E /* Debug */,
				FC97A4A729C1A2A800DC347E /* Release */,
			);
			defaultConfigurationIsVisible = 0;
			defaultConfigurationName = Release;
		};
		FC97A4A829C1A2A800DC347E /* Build configuration list for PBXNativeTarget "SwiftUIFirebase2" */ = {
			isa = XCConfigurationList;
			buildConfigurations = (
				FC97A4A929C1A2A800DC347E /* Debug */,
				FC97A4AA29C1A2A800DC347E /* Release */,
			);
			defaultConfigurationIsVisible = 0;
			defaultConfigurationName = Release;
		};
/* End XCConfigurationList section */

/* Begin XCRemoteSwiftPackageReference section */
		FC97A4AD29C1A9AE00DC347E /* XCRemoteSwiftPackageReference "firebase-ios-sdk" */ = {
			isa = XCRemoteSwiftPackageReference;
			repositoryURL = "https://github.com/firebase/firebase-ios-sdk";
			requirement = {
				branch = master;
				kind = branch;
			};
		};
/* End XCRemoteSwiftPackageReference section */

/* Begin XCSwiftPackageProductDependency section */
		FC97A4AE29C1A9AE00DC347E /* FirebaseFirestore */ = {
			isa = XCSwiftPackageProductDependency;
			package = FC97A4AD29C1A9AE00DC347E /* XCRemoteSwiftPackageReference "firebase-ios-sdk" */;
			productName = FirebaseFirestore;
		};
		FC97A4B029C1A9AE00DC347E /* FirebaseStorage */ = {
			isa = XCSwiftPackageProductDependency;
			package = FC97A4AD29C1A9AE00DC347E /* XCRemoteSwiftPackageReference "firebase-ios-sdk" */;
			productName = FirebaseStorage;
		};
/* End XCSwiftPackageProductDependency section */
	};
	rootObject = FC97A49229C1A2A700DC347E /* Project object */;
}
